
Microsoft Visual Studio Solution File, Format Version 12.00
# Visual Studio Version 17
VisualStudioVersion = 17.9.34622.214
MinimumVisualStudioVersion = 10.0.40219.1
Project("{FAE04EC0-301F-11D3-BF4B-00C04F79EFBC}") = "ElevatorPLC", "ElevatorPLC.csproj", "{15D5BDB6-4EFC-4447-8E09-918296BC82D1}"
EndProject
Global
	GlobalSection(SolutionConfigurationPlatforms) = preSolution
		Debug|Any CPU = Debug|Any CPU
		Release|Any CPU = Release|Any CPU
	EndGlobalSection
	GlobalSection(ProjectConfigurationPlatforms) = postSolution
		{15D5BDB6-4EFC-4447-8E09-918296BC82D1}.Debug|Any CPU.ActiveCfg = Debug|Any CPU
		{15D5BDB6-4EFC-4447-8E09-918296BC82D1}.Debug|Any CPU.Build.0 = Debug|Any CPU
		{15D5BDB6-4EFC-4447-8E09-918296BC82D1}.Release|Any CPU.ActiveCfg = Release|Any CPU
		{15D5BDB6-4EFC-4447-8E09-918296BC82D1}.Release|Any CPU.Build.0 = Release|Any CPU
	EndGlobalSection
	GlobalSection(SolutionProperties) = preSolution
		HideSolutionNode = FALSE
	EndGlobalSection
	GlobalSection(ExtensibilityGlobals) = postSolution
		SolutionGuid = {50F561E0-F21E-462A-82D8-55C3703CDB24}
	EndGlobalSection
EndGlobal
